<?xml version="1.0" encoding="utf-8"?>
<Project ToolsVersion="4.0" xmlns="http://schemas.microsoft.com/developer/msbuild/2003">
  <ItemGroup>
    <Filter Include="Source Files">
      <UniqueIdentifier>{4FC737F1-C7A5-4376-A066-2A32D752A2FF}</UniqueIdentifier>
      <Extensions>cpp;c;cc;cxx;c++;cppm;ixx;def;odl;idl;hpj;bat;asm;asmx</Extensions>
    </Filter>
    <Filter Include="Header Files">
      <UniqueIdentifier>{93995380-89BD-4b04-88EB-625FBE52EBFB}</UniqueIdentifier>
      <Extensions>h;hh;hpp;hxx;h++;hm;inl;inc;ipp;xsd</Extensions>
    </Filter>
    <Filter Include="Resource Files">
      <UniqueIdentifier>{67DA6AB6-F800-4c08-8B7A-83BB121AAD01}</UniqueIdentifier>
      <Extensions>rc;ico;cur;bmp;dlg;rc2;rct;bin;rgs;gif;jpg;jpeg;jpe;resx;tiff;tif;png;wav;mfcribbon-ms</Extensions>
    </Filter>
  </ItemGroup>
  <ItemGroup>
    <ClInclude Include="imgui\Headers\imconfig.h">
      <Filter>Header Files</Filter>
    </ClInclude>
    <ClInclude Include="imgui\Headers\imgui.h">
      <Filter>Header Files</Filter>
    </ClInclude>
    <ClInclude Include="imgui\Headers\imgui_impl_glfw.h">
      <Filter>Header Files</Filter>
    </ClInclude>
    <ClInclude Include="imgui\Headers\imgui_impl_opengl3.h">
      <Filter>Header Files</Filter>
    </ClInclude>
    <ClInclude Include="imgui\Headers\imgui_impl_opengl3_loader.h">
      <Filter>Header Files</Filter>
    </ClInclude>
    <ClInclude Include="imgui\Headers\imgui_internal.h">
      <Filter>Header Files</Filter>
    </ClInclude>
    <ClInclude Include="imgui\Headers\imstb_rectpack.h">
      <Filter>Header Files</Filter>
    </ClInclude>
    <ClInclude Include="imgui\Headers\imstb_textedit.h">
      <Filter>Header Files</Filter>
    </ClInclude>
    <ClInclude Include="imgui\Headers\imstb_truetype.h">
      <Filter>Header Files</Filter>
    </ClInclude>
    <ClInclude Include="headers\app.h">
      <Filter>Header Files</Filter>
    </ClInclude>
    <ClInclude Include="headers\imgui_manager.h">
      <Filter>Header Files</Filter>
    </ClInclude>
    <ClInclude Include="headers\application_model.h">
      <Filter>Header Files</Filter>
    </ClInclude>
    <ClInclude Include="headers\data_loading.h">
      <Filter>Header Files</Filter>
    </ClInclude>
    <ClInclude Include="headers\gradient.h">
      <Filter>Header Files</Filter>
    </ClInclude>
    <ClInclude Include="headers\shader_helper.h">
      <Filter>Header Files</Filter>
    </ClInclude>
    <ClInclude Include="headers\events.h">
      <Filter>Header Files</Filter>
    </ClInclude>
    <ClInclude Include="headers\signals.h">
      <Filter>Header Files</Filter>
    </ClInclude>
    <ClInclude Include="headers\camera.h">
      <Filter>Header Files</Filter>
    </ClInclude>
    <ClInclude Include="headers\debug_layer.h">
      <Filter>Header Files</Filter>
    </ClInclude>
    <ClInclude Include="headers\cell_value_functors.h">
      <Filter>Header Files</Filter>
    </ClInclude>
    <ClInclude Include="headers\engine_model.h">
      <Filter>Header Files</Filter>
    </ClInclude>
    <ClInclude Include="headers\glm_vec_helper.h">
      <Filter>Header Files</Filter>
    </ClInclude>
    <ClInclude Include="headers\debug.h">
      <Filter>Header Files</Filter>
    </ClInclude>
    <ClInclude Include="imgui\Headers\implot.h">
      <Filter>Header Files</Filter>
    </ClInclude>
    <ClInclude Include="imgui\Headers\implot_internal.h">
      <Filter>Header Files</Filter>
    </ClInclude>
    <ClInclude Include="headers\mesh\abstract_mesh.h">
      <Filter>Header Files</Filter>
    </ClInclude>
    <ClInclude Include="headers\mesh\engine_visualization_mesh.h">
      <Filter>Header Files</Filter>
    </ClInclude>
    <ClInclude Include="headers\mesh\engine_lines_mesh.h">
      <Filter>Header Files</Filter>
    </ClInclude>
    <ClInclude Include="headers\mesh\engine_cell_selection_mesh.h">
      <Filter>Header Files</Filter>
    </ClInclude>
    <ClInclude Include="headers\mesh_manager.h">
      <Filter>Header Files</Filter>
    </ClInclude>
    <ClInclude Include="headers\color_helper.h">
      <Filter>Header Files</Filter>
    </ClInclude>
    <ClInclude Include="headers\graph\graph_data.h">
      <Filter>Header Files</Filter>
    </ClInclude>
    <ClInclude Include="headers\implot_helper.h">
      <Filter>Header Files</Filter>
    </ClInclude>
    <ClInclude Include="headers\variable_map.h">
      <Filter>Header Files</Filter>
    </ClInclude>
    <ClInclude Include="headers\graph\graph_manager.h">
      <Filter>Header Files</Filter>
    </ClInclude>
    <ClInclude Include="headers\custom_imgui_widgets.h">
      <Filter>Header Files</Filter>
    </ClInclude>
    <ClInclude Include="headers\mesh\axis_mesh.h">
      <Filter>Header Files</Filter>
    </ClInclude>
    <ClInclude Include="headers\mesh\abstract_engine_mesh.h">
      <Filter>Header Files</Filter>
    </ClInclude>
  </ItemGroup>
  <ItemGroup>
    <ClCompile Include="imgui\Source\imgui.cpp">
      <Filter>Source Files</Filter>
    </ClCompile>
    <ClCompile Include="imgui\Source\imgui_demo.cpp">
      <Filter>Source Files</Filter>
    </ClCompile>
    <ClCompile Include="imgui\Source\imgui_draw.cpp">
      <Filter>Source Files</Filter>
    </ClCompile>
    <ClCompile Include="imgui\Source\imgui_impl_glfw.cpp">
      <Filter>Source Files</Filter>
    </ClCompile>
    <ClCompile Include="imgui\Source\imgui_impl_opengl3.cpp">
      <Filter>Source Files</Filter>
    </ClCompile>
    <ClCompile Include="imgui\Source\imgui_tables.cpp">
      <Filter>Source Files</Filter>
    </ClCompile>
    <ClCompile Include="imgui\Source\imgui_widgets.cpp">
      <Filter>Source Files</Filter>
    </ClCompile>
    <ClCompile Include="glad\glad.c">
      <Filter>Source Files</Filter>
    </ClCompile>
    <ClCompile Include="source\app.cpp">
      <Filter>Source Files</Filter>
    </ClCompile>
    <ClCompile Include="source\imgui_manager.cpp">
      <Filter>Source Files</Filter>
    </ClCompile>
    <ClCompile Include="source\data_loading.cpp">
      <Filter>Source Files</Filter>
    </ClCompile>
    <ClCompile Include="source\shader_helper.cpp">
      <Filter>Source Files</Filter>
    </ClCompile>
    <ClCompile Include="source\application_model.cpp">
      <Filter>Source Files</Filter>
    </ClCompile>
    <ClCompile Include="source\camera.cpp">
      <Filter>Source Files</Filter>
    </ClCompile>
    <ClCompile Include="source\cell_value_functors.cpp">
      <Filter>Source Files</Filter>
    </ClCompile>
    <ClCompile Include="source\gradient.cpp">
      <Filter>Source Files</Filter>
    </ClCompile>
    <ClCompile Include="source\engine_model.cpp">
      <Filter>Source Files</Filter>
    </ClCompile>
    <ClCompile Include="source\debug.cpp">
      <Filter>Source Files</Filter>
    </ClCompile>
    <ClCompile Include="imgui\Source\implot.cpp">
      <Filter>Source Files</Filter>
    </ClCompile>
    <ClCompile Include="imgui\Source\implot_demo.cpp">
      <Filter>Source Files</Filter>
    </ClCompile>
    <ClCompile Include="source\mesh\abstract_mesh.cpp">
      <Filter>Source Files</Filter>
    </ClCompile>
    <ClCompile Include="source\mesh\engine_visualization_mesh.cpp">
      <Filter>Source Files</Filter>
    </ClCompile>
    <ClCompile Include="source\mesh\engine_lines_mesh.cpp">
      <Filter>Source Files</Filter>
    </ClCompile>
    <ClCompile Include="source\mesh\engine_cell_selection_mesh.cpp">
      <Filter>Source Files</Filter>
    </ClCompile>
    <ClCompile Include="source\mesh_manager.cpp">
      <Filter>Source Files</Filter>
    </ClCompile>
    <ClCompile Include="source\color_helper.cpp">
      <Filter>Source Files</Filter>
    </ClCompile>
    <ClCompile Include="source\main.cpp">
      <Filter>Source Files</Filter>
    </ClCompile>
    <ClCompile Include="source\graph\graph_data.cpp">
      <Filter>Source Files</Filter>
    </ClCompile>
    <ClCompile Include="source\implot_helper.cpp">
      <Filter>Source Files</Filter>
    </ClCompile>
    <ClCompile Include="source\graph\graph_manager.cpp">
      <Filter>Source Files</Filter>
    </ClCompile>
    <ClCompile Include="imgui\Source\implot_items.cpp">
      <Filter>Source Files</Filter>
    </ClCompile>
    <ClCompile Include="source\custom_imgui_widgets.cpp">
      <Filter>Source Files</Filter>
    </ClCompile>
    <ClCompile Include="source\mesh\abstract_engine_mesh.cpp">
      <Filter>Source Files</Filter>
    </ClCompile>
    <ClCompile Include="source\mesh\axis_mesh.cpp">
      <Filter>Source Files</Filter>
    </ClCompile>
  </ItemGroup>
  <ItemGroup>
    <CopyFileToFolders Include="shaders\engine_shader.frag" />
    <CopyFileToFolders Include="shaders\engine_shader.vert" />
    <CopyFileToFolders Include="shaders\line_shader.frag" />
    <CopyFileToFolders Include="shaders\line_shader.vert" />
    <CopyFileToFolders Include="shaders\engine_cell_selection_shader.frag" />
    <CopyFileToFolders Include="shaders\engine_cell_selection_shader.vert" />
    <CopyFileToFolders Include="palletes\default_pallete.txt" />
    <CopyFileToFolders Include="shaders\axis_shader.frag" />
    <CopyFileToFolders Include="shaders\axis_shader.vert" />
  </ItemGroup>
</Project>